
Microsoft Visual Studio Solution File, Format Version 12.00
# Visual Studio Version 17
VisualStudioVersion = 17.5.33424.131
MinimumVisualStudioVersion = 10.0.40219.1
Project("{54A90642-561A-4BB1-A94E-469ADEE60C69}") = "reactapp", "reactapp\reactapp.esproj", "{A2FF7240-D31F-4C7E-8493-A6BBD96A7649}"
EndProject
Project("{9A19103F-16F7-4668-BE54-9A1E7A4F7556}") = "webapi", "webapi\webapi.csproj", "{7120B2C8-87CB-4FB9-884D-A33BEAFA152D}"
EndProject
Project("{9A19103F-16F7-4668-BE54-9A1E7A4F7556}") = "IdPowerToys.PowerPointGenerator", "powerpointgenerator\IdPowerToys.PowerPointGenerator.csproj", "{DCB51030-7DA8-48ED-88A2-CD9997CC383F}"
EndProject
Global
	GlobalSection(SolutionConfigurationPlatforms) = preSolution
		Debug|Any CPU = Debug|Any CPU
		Release|Any CPU = Release|Any CPU
	EndGlobalSection
	GlobalSection(ProjectConfigurationPlatforms) = postSolution
		{A2FF7240-D31F-4C7E-8493-A6BBD96A7649}.Debug|Any CPU.ActiveCfg = Debug|Any CPU
		{A2FF7240-D31F-4C7E-8493-A6BBD96A7649}.Debug|Any CPU.Build.0 = Debug|Any CPU
		{A2FF7240-D31F-4C7E-8493-A6BBD96A7649}.Debug|Any CPU.Deploy.0 = Debug|Any CPU
		{A2FF7240-D31F-4C7E-8493-A6BBD96A7649}.Release|Any CPU.ActiveCfg = Release|Any CPU
		{A2FF7240-D31F-4C7E-8493-A6BBD96A7649}.Release|Any CPU.Build.0 = Release|Any CPU
		{A2FF7240-D31F-4C7E-8493-A6BBD96A7649}.Release|Any CPU.Deploy.0 = Release|Any CPU
		{7120B2C8-87CB-4FB9-884D-A33BEAFA152D}.Debug|Any CPU.ActiveCfg = Debug|Any CPU
		{7120B2C8-87CB-4FB9-884D-A33BEAFA152D}.Debug|Any CPU.Build.0 = Debug|Any CPU
		{7120B2C8-87CB-4FB9-884D-A33BEAFA152D}.Release|Any CPU.ActiveCfg = Release|Any CPU
		{7120B2C8-87CB-4FB9-884D-A33BEAFA152D}.Release|Any CPU.Build.0 = Release|Any CPU
		{DCB51030-7DA8-48ED-88A2-CD9997CC383F}.Debug|Any CPU.ActiveCfg = Debug|Any CPU
		{DCB51030-7DA8-48ED-88A2-CD9997CC383F}.Debug|Any CPU.Build.0 = Debug|Any CPU
		{DCB51030-7DA8-48ED-88A2-CD9997CC383F}.Release|Any CPU.ActiveCfg = Release|Any CPU
		{DCB51030-7DA8-48ED-88A2-CD9997CC383F}.Release|Any CPU.Build.0 = Release|Any CPU
	EndGlobalSection
	GlobalSection(SolutionProperties) = preSolution
		HideSolutionNode = FALSE
	EndGlobalSection
	GlobalSection(ExtensibilityGlobals) = postSolution
		SolutionGuid = {B8EAFCBE-30AB-4C03-BC9A-7E4C50A22315}
	EndGlobalSection
EndGlobal
